{
  "name": "grunt-commit-plugin",
  "version": "0.0.2",
  "dependencies": {
    "asyncblock": {
      "version": "2.1.21",
      "from": "asyncblock@^2.1.21",
      "resolved": "https://registry.npmjs.org/asyncblock/-/asyncblock-2.1.21.tgz",
      "dependencies": {
        "fibers": {
          "version": "1.0.1",
          "from": "fibers@1.0.1",
          "resolved": "https://registry.npmjs.org/fibers/-/fibers-1.0.1.tgz"
        },
        "esprima": {
          "version": "1.0.4",
          "from": "esprima@~ 1.0.2",
          "resolved": "https://registry.npmjs.org/esprima/-/esprima-1.0.4.tgz"
        }
      }
    },
    "nock": {
      "version": "0.42.2",
      "from": "nock@^0.42.1",
      "resolved": "https://registry.npmjs.org/nock/-/nock-0.42.2.tgz",
      "dependencies": {
        "propagate": {
          "version": "0.2.2",
          "from": "propagate@0.2.x",
          "resolved": "https://registry.npmjs.org/propagate/-/propagate-0.2.2.tgz"
        },
        "lodash": {
          "version": "2.4.1",
          "from": "lodash@2.4.1",
          "resolved": "https://registry.npmjs.org/lodash/-/lodash-2.4.1.tgz"
        },
        "debug": {
          "version": "0.8.1",
          "from": "debug@^0.8.1",
          "resolved": "https://registry.npmjs.org/debug/-/debug-0.8.1.tgz"
        }
      }
    },
    "sinon": {
      "version": "1.10.3",
      "from": "sinon@^1.10.3",
      "resolved": "https://registry.npmjs.org/sinon/-/sinon-1.10.3.tgz",
      "dependencies": {
        "formatio": {
          "version": "1.0.2",
          "from": "formatio@~1.0",
          "resolved": "https://registry.npmjs.org/formatio/-/formatio-1.0.2.tgz",
          "dependencies": {
            "samsam": {
              "version": "1.1.1",
              "from": "samsam@~1.1",
              "resolved": "https://registry.npmjs.org/samsam/-/samsam-1.1.1.tgz"
            }
          }
        },
        "util": {
          "version": "0.10.3",
          "from": "util@>=0.10.3 <1",
          "resolved": "https://registry.npmjs.org/util/-/util-0.10.3.tgz",
          "dependencies": {
            "inherits": {
              "version": "2.0.1",
              "from": "inherits@2.0.1",
              "resolved": "https://registry.npmjs.org/inherits/-/inherits-2.0.1.tgz"
            }
          }
        }
      }
    },
    "trim": {
      "version": "0.0.1",
      "from": "trim@0.0.1",
      "resolved": "https://registry.npmjs.org/trim/-/trim-0.0.1.tgz"
    }
  }
}
